
Microsoft Visual Studio Solution File, Format Version 12.00
# Visual Studio Version 16
VisualStudioVersion = 16.0.29613.14
MinimumVisualStudioVersion = 10.0.40219.1
Project("{FAE04EC0-301F-11D3-BF4B-00C04F79EFBC}") = "Checkers", "Checkers\Checkers.csproj", "{121C1F53-0212-4D3D-9BBD-100D97B4790D}"
EndProject
Global
	GlobalSection(SolutionConfigurationPlatforms) = preSolution
		Debug|Any CPU = Debug|Any CPU
		Release|Any CPU = Release|Any CPU
	EndGlobalSection
	GlobalSection(ProjectConfigurationPlatforms) = postSolution
		{121C1F53-0212-4D3D-9BBD-100D97B4790D}.Debug|Any CPU.ActiveCfg = Debug|Any CPU
		{121C1F53-0212-4D3D-9BBD-100D97B4790D}.Debug|Any CPU.Build.0 = Debug|Any CPU
		{121C1F53-0212-4D3D-9BBD-100D97B4790D}.Release|Any CPU.ActiveCfg = Release|Any CPU
		{121C1F53-0212-4D3D-9BBD-100D97B4790D}.Release|Any CPU.Build.0 = Release|Any CPU
	EndGlobalSection
	GlobalSection(SolutionProperties) = preSolution
		HideSolutionNode = FALSE
	EndGlobalSection
	GlobalSection(ExtensibilityGlobals) = postSolution
		SolutionGuid = {7984EE12-810E-4BAB-A9EB-2FAA27BD2D73}
	EndGlobalSection
EndGlobal
